
Microsoft Visual Studio Solution File, Format Version 10.00
# Visual Studio 2008
# SharpDevelop 4.4
Project("{FAE04EC0-301F-11D3-BF4B-00C04F79EFBC}") = "PCeditor", "PCeditor\PCeditor.csproj", "{BEC4ECE4-9D0D-4795-9C34-4424ABA62DC4}"
EndProject
Global
	GlobalSection(SolutionConfigurationPlatforms) = preSolution
		Debug|Any CPU = Debug|Any CPU
		Release|Any CPU = Release|Any CPU
	EndGlobalSection
	GlobalSection(ProjectConfigurationPlatforms) = postSolution
		{BEC4ECE4-9D0D-4795-9C34-4424ABA62DC4}.Debug|Any CPU.Build.0 = Debug|Any CPU
		{BEC4ECE4-9D0D-4795-9C34-4424ABA62DC4}.Debug|Any CPU.ActiveCfg = Debug|Any CPU
		{BEC4ECE4-9D0D-4795-9C34-4424ABA62DC4}.Release|Any CPU.Build.0 = Release|Any CPU
		{BEC4ECE4-9D0D-4795-9C34-4424ABA62DC4}.Release|Any CPU.ActiveCfg = Release|Any CPU
	EndGlobalSection
EndGlobal
